
Microsoft Visual Studio Solution File, Format Version 12.00
# Visual Studio Version 17
VisualStudioVersion = 17.4.33103.184
MinimumVisualStudioVersion = 10.0.40219.1
Project("{FAE04EC0-301F-11D3-BF4B-00C04F79EFBC}") = "dotnet_console_bank_account_oop", "dotnet_console_bank_account_oop.csproj", "{1A576207-C7FF-4256-9F26-43D60636445B}"
EndProject
Global
	GlobalSection(SolutionConfigurationPlatforms) = preSolution
		Debug|Any CPU = Debug|Any CPU
		Release|Any CPU = Release|Any CPU
	EndGlobalSection
	GlobalSection(ProjectConfigurationPlatforms) = postSolution
		{1A576207-C7FF-4256-9F26-43D60636445B}.Debug|Any CPU.ActiveCfg = Debug|Any CPU
		{1A576207-C7FF-4256-9F26-43D60636445B}.Debug|Any CPU.Build.0 = Debug|Any CPU
		{1A576207-C7FF-4256-9F26-43D60636445B}.Release|Any CPU.ActiveCfg = Release|Any CPU
		{1A576207-C7FF-4256-9F26-43D60636445B}.Release|Any CPU.Build.0 = Release|Any CPU
	EndGlobalSection
	GlobalSection(SolutionProperties) = preSolution
		HideSolutionNode = FALSE
	EndGlobalSection
	GlobalSection(ExtensibilityGlobals) = postSolution
		SolutionGuid = {86467FF2-FD9A-47EE-A7D0-3C1274B1D1B1}
	EndGlobalSection
EndGlobal
